
Microsoft Visual Studio Solution File, Format Version 12.00
# Visual Studio Version 16
VisualStudioVersion = 16.0.30711.63
MinimumVisualStudioVersion = 10.0.40219.1
Project("{FAE04EC0-301F-11D3-BF4B-00C04F79EFBC}") = "Negrea_Georgiana_Lab6", "Negrea_Georgiana_Lab6.csproj", "{3ED2210C-60E1-4121-9070-6DB3DE35BD29}"
EndProject
Project("{FAE04EC0-301F-11D3-BF4B-00C04F79EFBC}") = "AutoLotModel", "..\AutoLotModel\AutoLotModel.csproj", "{F7793D1E-D985-4751-A700-B4F5B570F5BF}"
EndProject
Global
	GlobalSection(SolutionConfigurationPlatforms) = preSolution
		Debug|Any CPU = Debug|Any CPU
		Release|Any CPU = Release|Any CPU
	EndGlobalSection
	GlobalSection(ProjectConfigurationPlatforms) = postSolution
		{3ED2210C-60E1-4121-9070-6DB3DE35BD29}.Debug|Any CPU.ActiveCfg = Debug|Any CPU
		{3ED2210C-60E1-4121-9070-6DB3DE35BD29}.Debug|Any CPU.Build.0 = Debug|Any CPU
		{3ED2210C-60E1-4121-9070-6DB3DE35BD29}.Release|Any CPU.ActiveCfg = Release|Any CPU
		{3ED2210C-60E1-4121-9070-6DB3DE35BD29}.Release|Any CPU.Build.0 = Release|Any CPU
		{F7793D1E-D985-4751-A700-B4F5B570F5BF}.Debug|Any CPU.ActiveCfg = Debug|Any CPU
		{F7793D1E-D985-4751-A700-B4F5B570F5BF}.Debug|Any CPU.Build.0 = Debug|Any CPU
		{F7793D1E-D985-4751-A700-B4F5B570F5BF}.Release|Any CPU.ActiveCfg = Release|Any CPU
		{F7793D1E-D985-4751-A700-B4F5B570F5BF}.Release|Any CPU.Build.0 = Release|Any CPU
	EndGlobalSection
	GlobalSection(SolutionProperties) = preSolution
		HideSolutionNode = FALSE
	EndGlobalSection
	GlobalSection(ExtensibilityGlobals) = postSolution
		SolutionGuid = {7E3D0710-A1D5-4F5F-82E7-5D85C99621AC}
	EndGlobalSection
EndGlobal
